
Microsoft Visual Studio Solution File, Format Version 12.00
# Visual Studio Version 16
VisualStudioVersion = 16.0.30114.128
MinimumVisualStudioVersion = 10.0.40219.1
Project("{FAE04EC0-301F-11D3-BF4B-00C04F79EFBC}") = "SystemSpecs", "SystemSpecs\SystemSpecs.csproj", "{93C8380E-19C6-47EC-B6CD-0E9615D79ADF}"
EndProject
Project("{FAE04EC0-301F-11D3-BF4B-00C04F79EFBC}") = "SystemSpecification", "SystemSpecification\SystemSpecification.csproj", "{849CED55-8743-4E6C-A733-1FC17ABAB883}"
EndProject
Global
	GlobalSection(SolutionConfigurationPlatforms) = preSolution
		Debug|Any CPU = Debug|Any CPU
		Release|Any CPU = Release|Any CPU
	EndGlobalSection
	GlobalSection(ProjectConfigurationPlatforms) = postSolution
		{93C8380E-19C6-47EC-B6CD-0E9615D79ADF}.Debug|Any CPU.ActiveCfg = Debug|Any CPU
		{93C8380E-19C6-47EC-B6CD-0E9615D79ADF}.Debug|Any CPU.Build.0 = Debug|Any CPU
		{93C8380E-19C6-47EC-B6CD-0E9615D79ADF}.Release|Any CPU.ActiveCfg = Release|Any CPU
		{93C8380E-19C6-47EC-B6CD-0E9615D79ADF}.Release|Any CPU.Build.0 = Release|Any CPU
		{849CED55-8743-4E6C-A733-1FC17ABAB883}.Debug|Any CPU.ActiveCfg = Debug|Any CPU
		{849CED55-8743-4E6C-A733-1FC17ABAB883}.Debug|Any CPU.Build.0 = Debug|Any CPU
		{849CED55-8743-4E6C-A733-1FC17ABAB883}.Release|Any CPU.ActiveCfg = Release|Any CPU
		{849CED55-8743-4E6C-A733-1FC17ABAB883}.Release|Any CPU.Build.0 = Release|Any CPU
	EndGlobalSection
	GlobalSection(SolutionProperties) = preSolution
		HideSolutionNode = FALSE
	EndGlobalSection
	GlobalSection(ExtensibilityGlobals) = postSolution
		SolutionGuid = {BBDF1B95-923E-4331-BD54-ADA0FB8A6A26}
	EndGlobalSection
EndGlobal
